{
  "name": "redux-example",
  "version": "0.1.0",
  "lockfileVersion": 1,
  "requires": true,
  "dependencies": {
    "lodash.every": {
      "version": "4.6.0",
      "resolved": "https://registry.npmjs.org/lodash.every/-/lodash.every-4.6.0.tgz",
      "integrity": "sha1-64mYS+vENkJ5uzrvu9HKGb+mxqc=",
      "dev": true
    },
    "lodash.filter": {
      "version": "4.6.0",
      "resolved": "https://registry.npmjs.org/lodash.filter/-/lodash.filter-4.6.0.tgz",
      "integrity": "sha1-ZosdSYFgOuHMWm+nYBQ+SAtMSs4=",
      "dev": true
    },
    "lodash.isequal": {
      "version": "4.5.0",
      "resolved": "https://registry.npmjs.org/lodash.isequal/-/lodash.isequal-4.5.0.tgz",
      "integrity": "sha1-QVxEePK8wwEgwizhDtMib30+GOA=",
      "dev": true
    },
    "lodash.isfunction": {
      "version": "3.0.9",
      "resolved": "https://registry.npmjs.org/lodash.isfunction/-/lodash.isfunction-3.0.9.tgz",
      "integrity": "sha512-AirXNj15uRIMMPihnkInB4i3NHeb4iBtNg9WRWuK2o31S+ePwwNmDPaTL3o7dTJ+VXNZim7rFs4rxN4YU1oUJw==",
      "dev": true
    },
    "lodash.isstring": {
      "version": "4.0.1",
      "resolved": "https://registry.npmjs.org/lodash.isstring/-/lodash.isstring-4.0.1.tgz",
      "integrity": "sha1-1SfftUVuynzJu5XV2ur4i6VKVFE=",
      "dev": true
    },
    "lodash.keys": {
      "version": "4.2.0",
      "resolved": "https://registry.npmjs.org/lodash.keys/-/lodash.keys-4.2.0.tgz",
      "integrity": "sha1-oIYCrBLk+4P5H8H7ejYKTZujUgU=",
      "dev": true
    },
    "lodash.pick": {
      "version": "4.4.0",
      "resolved": "https://registry.npmjs.org/lodash.pick/-/lodash.pick-4.4.0.tgz",
      "integrity": "sha1-UvBWEP/53tQiYRRB7R/BI6AwAbM=",
      "dev": true
    },
    "lodash.some": {
      "version": "4.6.0",
      "resolved": "https://registry.npmjs.org/lodash.some/-/lodash.some-4.6.0.tgz",
      "integrity": "sha1-G7nzFO9ri63tE7VJFpsqlF62jk0=",
      "dev": true
    },
    "lodash.union": {
      "version": "4.6.0",
      "resolved": "https://registry.npmjs.org/lodash.union/-/lodash.union-4.6.0.tgz",
      "integrity": "sha1-SLtQiECfFvGCFmZkHETdGqrjzYg=",
      "dev": true
    },
    "why-did-you-update": {
      "version": "0.1.1",
      "resolved": "https://registry.npmjs.org/why-did-you-update/-/why-did-you-update-0.1.1.tgz",
      "integrity": "sha512-CCi6k05CJ44wJEuE3D2LXtHO4YX7LjuG5cHrs8UAUWJAEDO/bWF1+/wT0gt4gLd3e69bKJJBbUk86bVdlT4E6A==",
      "dev": true,
      "requires": {
        "lodash.every": "4.6.0",
        "lodash.filter": "4.6.0",
        "lodash.isequal": "4.5.0",
        "lodash.isfunction": "3.0.9",
        "lodash.isstring": "4.0.1",
        "lodash.keys": "4.2.0",
        "lodash.pick": "4.4.0",
        "lodash.some": "4.6.0",
        "lodash.union": "4.6.0"
      }
    }
  }
}
